
Microsoft Visual Studio Solution File, Format Version 12.00
# Visual Studio 15
VisualStudioVersion = 15.0.28307.1231
MinimumVisualStudioVersion = 10.0.40219.1
Project("{FAE04EC0-301F-11D3-BF4B-00C04F79EFBC}") = "FileSystemVarianceLib", "FileSystemVariance\FileSystemVarianceLib.csproj", "{C613A090-296D-436F-8BBD-078FC10AF716}"
EndProject
Global
	GlobalSection(SolutionConfigurationPlatforms) = preSolution
		Debug|Any CPU = Debug|Any CPU
		Release|Any CPU = Release|Any CPU
	EndGlobalSection
	GlobalSection(ProjectConfigurationPlatforms) = postSolution
		{C613A090-296D-436F-8BBD-078FC10AF716}.Debug|Any CPU.ActiveCfg = Debug|Any CPU
		{C613A090-296D-436F-8BBD-078FC10AF716}.Debug|Any CPU.Build.0 = Debug|Any CPU
		{C613A090-296D-436F-8BBD-078FC10AF716}.Release|Any CPU.ActiveCfg = Release|Any CPU
		{C613A090-296D-436F-8BBD-078FC10AF716}.Release|Any CPU.Build.0 = Release|Any CPU
	EndGlobalSection
	GlobalSection(SolutionProperties) = preSolution
		HideSolutionNode = FALSE
	EndGlobalSection
	GlobalSection(ExtensibilityGlobals) = postSolution
		SolutionGuid = {1A8646B5-F7D5-4F6E-9B66-273F9681A737}
	EndGlobalSection
EndGlobal
